# THIS IS AN AUTOGENERATED FILE. DO NOT EDIT THIS FILE DIRECTLY.
# yarn lockfile v1


"@types/codemirror@0.0.109":
  version "0.0.109"
  resolved "https://registry.yarnpkg.com/@types/codemirror/-/codemirror-0.0.109.tgz#89d575ff1c7b462c4c3b8654f8bb38e5622e9036"
  integrity sha512-cSdiHeeLjvGn649lRTNeYrVCDOgDrtP+bDDSFDd1TF+i0jKGPDRozno2NOJ9lTniso+taiv4kiVS8dgM8Jm5lg==
  dependencies:
    "@types/tern" "*"

"@types/estree@*":
  version "0.0.50"
  resolved "https://registry.yarnpkg.com/@types/estree/-/estree-0.0.50.tgz#1e0caa9364d3fccd2931c3ed96fdbeaa5d4cca83"
  integrity sha512-C6N5s2ZFtuZRj54k2/zyRhNDjJwwcViAM3Nbm8zjBpbqAdZ00mr0CFxvSKeO8Y/e03WVFLpQMdHYVfUd6SB+Hw==

"@types/marked@^2.0.2":
  version "2.0.5"
  resolved "https://registry.yarnpkg.com/@types/marked/-/marked-2.0.5.tgz#453e27f1e97199d45bb25297b0dd2b9bbc1e05ea"
  integrity sha512-shRZ7XnYFD/8n8zSjKvFdto1QNSf4tONZIlNEZGrJe8GsOE8DL/hG1Hbl8gZlfLnjS7+f5tZGIaTgfpyW38h4w==

"@types/tern@*":
  version "0.23.4"
  resolved "https://registry.yarnpkg.com/@types/tern/-/tern-0.23.4.tgz#03926eb13dbeaf3ae0d390caf706b2643a0127fb"
  integrity sha512-JAUw1iXGO1qaWwEOzxTKJZ/5JxVeON9kvGZ/osgZaJImBnyjyn0cjovPsf6FNLmyGY8Vw9DoXZCMlfMkMwHRWg==
  dependencies:
    "@types/estree" "*"

codemirror-spell-checker@*, codemirror-spell-checker@1.1.2:
  version "1.1.2"
  resolved "https://registry.yarnpkg.com/codemirror-spell-checker/-/codemirror-spell-checker-1.1.2.tgz#1c660f9089483ccb5113b9ba9ca19c3f4993371e"
  integrity sha1-HGYPkIlIPMtRE7m6nKGcP0mTNx4=
  dependencies:
    typo-js "*"

codemirror@*, codemirror@^5.61.0:
  version "5.64.0"
  resolved "https://registry.yarnpkg.com/codemirror/-/codemirror-5.64.0.tgz#182eec65b62178e3cd1de8f9d88ab819cfe5f625"
  integrity sha512-fqr6CtDQdJ6iNMbD8NX2gH2G876nNDk+TO1rrYkgWnqQdO3O1Xa9tK6q+psqhJJgE5SpbaDcgdfLmukoUVE8pg==

easymde@^2.15.0:
  version "2.15.0"
  resolved "https://registry.yarnpkg.com/easymde/-/easymde-2.15.0.tgz#73667c4879d8687b07651d6259ee652bba5d0b00"
  integrity sha512-9jMRIVvKt1d0UjRN45yotUYECAM4xvw0TTAQw8sYDONP++keWJVnd8Xrn+V+vQEN/v9/X0SWEoo1rFSgCooGpw==
  dependencies:
    "@types/codemirror" "0.0.109"
    "@types/marked" "^2.0.2"
    codemirror "^5.61.0"
    codemirror-spell-checker "1.1.2"
    marked "^2.0.3"

marked@*:
  version "4.0.6"
  resolved "https://registry.yarnpkg.com/marked/-/marked-4.0.6.tgz#cd199503102b6807354f00574348d41ad4fd25d2"
  integrity sha512-+H0bTf8DM8zLuFBUm/2VklxaCrwlBFgoJzHJcMZCnZ9cPgsllHwKpL6TPLdDeA38yPluMuVKOL1hO5w6HmG5Mg==

marked@^2.0.3:
  version "2.1.3"
  resolved "https://registry.yarnpkg.com/marked/-/marked-2.1.3.tgz#bd017cef6431724fd4b27e0657f5ceb14bff3753"
  integrity sha512-/Q+7MGzaETqifOMWYEA7HVMaZb4XbcRfaOzcSsHZEith83KGlvaSG33u0SKu89Mj5h+T8V2hM+8O45Qc5XTgwA==

simplemde@^1.11.2:
  version "1.11.2"
  resolved "https://registry.yarnpkg.com/simplemde/-/simplemde-1.11.2.tgz#a23a35d978d2c40ef07dec008c92f070d8e080e3"
  integrity sha1-ojo12XjSxA7wfewAjJLwcNjggOM=
  dependencies:
    codemirror "*"
    codemirror-spell-checker "*"
    marked "*"

typo-js@*:
  version "1.2.1"
  resolved "https://registry.yarnpkg.com/typo-js/-/typo-js-1.2.1.tgz#334a0d8c3f6c56f2f1e15fdf6c31677793cbbe9b"
  integrity sha512-bTGLjbD3WqZDR3CgEFkyi9Q/SS2oM29ipXrWfDb4M74ea69QwKAECVceYpaBu0GfdnASMg9Qfl67ttB23nePHg==
